
Microsoft Visual Studio Solution File, Format Version 12.00
# Visual Studio Version 17
VisualStudioVersion = 17.9.34723.18
MinimumVisualStudioVersion = 10.0.40219.1
Project("{8BC9CEB8-8B4A-11D0-8D11-00A0C91BC942}") = "assignment2-stack", "assignment2-stack\assignment2-stack.vcxproj", "{E56688BB-BFCA-46A8-919A-31643CCDB9BB}"
EndProject
Global
	GlobalSection(SolutionConfigurationPlatforms) = preSolution
		Debug|ARM64 = Debug|ARM64
		Debug|x64 = Debug|x64
		Debug|x86 = Debug|x86
		Release|ARM64 = Release|ARM64
		Release|x64 = Release|x64
		Release|x86 = Release|x86
	EndGlobalSection
	GlobalSection(ProjectConfigurationPlatforms) = postSolution
		{E56688BB-BFCA-46A8-919A-31643CCDB9BB}.Debug|ARM64.ActiveCfg = Debug|ARM64
		{E56688BB-BFCA-46A8-919A-31643CCDB9BB}.Debug|ARM64.Build.0 = Debug|ARM64
		{E56688BB-BFCA-46A8-919A-31643CCDB9BB}.Debug|x64.ActiveCfg = Debug|x64
		{E56688BB-BFCA-46A8-919A-31643CCDB9BB}.Debug|x64.Build.0 = Debug|x64
		{E56688BB-BFCA-46A8-919A-31643CCDB9BB}.Debug|x86.ActiveCfg = Debug|Win32
		{E56688BB-BFCA-46A8-919A-31643CCDB9BB}.Debug|x86.Build.0 = Debug|Win32
		{E56688BB-BFCA-46A8-919A-31643CCDB9BB}.Release|ARM64.ActiveCfg = Release|ARM64
		{E56688BB-BFCA-46A8-919A-31643CCDB9BB}.Release|ARM64.Build.0 = Release|ARM64
		{E56688BB-BFCA-46A8-919A-31643CCDB9BB}.Release|x64.ActiveCfg = Release|x64
		{E56688BB-BFCA-46A8-919A-31643CCDB9BB}.Release|x64.Build.0 = Release|x64
		{E56688BB-BFCA-46A8-919A-31643CCDB9BB}.Release|x86.ActiveCfg = Release|Win32
		{E56688BB-BFCA-46A8-919A-31643CCDB9BB}.Release|x86.Build.0 = Release|Win32
	EndGlobalSection
	GlobalSection(SolutionProperties) = preSolution
		HideSolutionNode = FALSE
	EndGlobalSection
	GlobalSection(ExtensibilityGlobals) = postSolution
		SolutionGuid = {39DE2C7F-D37E-4ED7-BB36-892D828F61DF}
	EndGlobalSection
EndGlobal
